
Microsoft Visual Studio Solution File, Format Version 12.00
# Visual Studio Version 17
VisualStudioVersion = 17.10.35013.160
MinimumVisualStudioVersion = 10.0.40219.1
Project("{FAE04EC0-301F-11D3-BF4B-00C04F79EFBC}") = "APP_Api", "APP_Api\APP_Api.csproj", "{CE0673C8-F9F6-4424-B889-1DD6312C37B0}"
EndProject
Project("{FAE04EC0-301F-11D3-BF4B-00C04F79EFBC}") = "MVC_APP", "MVC_APP\MVC_APP.csproj", "{86E60A3D-D30D-449A-9905-B60C575426E4}"
EndProject
Global
	GlobalSection(SolutionConfigurationPlatforms) = preSolution
		Debug|Any CPU = Debug|Any CPU
		Release|Any CPU = Release|Any CPU
	EndGlobalSection
	GlobalSection(ProjectConfigurationPlatforms) = postSolution
		{CE0673C8-F9F6-4424-B889-1DD6312C37B0}.Debug|Any CPU.ActiveCfg = Debug|Any CPU
		{CE0673C8-F9F6-4424-B889-1DD6312C37B0}.Debug|Any CPU.Build.0 = Debug|Any CPU
		{CE0673C8-F9F6-4424-B889-1DD6312C37B0}.Release|Any CPU.ActiveCfg = Release|Any CPU
		{CE0673C8-F9F6-4424-B889-1DD6312C37B0}.Release|Any CPU.Build.0 = Release|Any CPU
		{86E60A3D-D30D-449A-9905-B60C575426E4}.Debug|Any CPU.ActiveCfg = Debug|Any CPU
		{86E60A3D-D30D-449A-9905-B60C575426E4}.Debug|Any CPU.Build.0 = Debug|Any CPU
		{86E60A3D-D30D-449A-9905-B60C575426E4}.Release|Any CPU.ActiveCfg = Release|Any CPU
		{86E60A3D-D30D-449A-9905-B60C575426E4}.Release|Any CPU.Build.0 = Release|Any CPU
	EndGlobalSection
	GlobalSection(SolutionProperties) = preSolution
		HideSolutionNode = FALSE
	EndGlobalSection
	GlobalSection(ExtensibilityGlobals) = postSolution
		SolutionGuid = {1BCF55EC-CBCE-4801-9A5B-EFD9C9EA549C}
	EndGlobalSection
EndGlobal
